
Microsoft Visual Studio Solution File, Format Version 12.00
# Visual Studio 15
VisualStudioVersion = 15.0.28010.2046
MinimumVisualStudioVersion = 10.0.40219.1
Project("{FAE04EC0-301F-11D3-BF4B-00C04F79EFBC}") = "Envanter", "Envanter\Envanter.csproj", "{C7C11FFB-F9E3-4F94-9090-35AE8DFA252A}"
EndProject
Global
	GlobalSection(SolutionConfigurationPlatforms) = preSolution
		Debug|Any CPU = Debug|Any CPU
		Debug|x86 = Debug|x86
		Release|Any CPU = Release|Any CPU
		Release|x86 = Release|x86
	EndGlobalSection
	GlobalSection(ProjectConfigurationPlatforms) = postSolution
		{C7C11FFB-F9E3-4F94-9090-35AE8DFA252A}.Debug|Any CPU.ActiveCfg = Debug|Any CPU
		{C7C11FFB-F9E3-4F94-9090-35AE8DFA252A}.Debug|Any CPU.Build.0 = Debug|Any CPU
		{C7C11FFB-F9E3-4F94-9090-35AE8DFA252A}.Debug|x86.ActiveCfg = Debug|x86
		{C7C11FFB-F9E3-4F94-9090-35AE8DFA252A}.Debug|x86.Build.0 = Debug|x86
		{C7C11FFB-F9E3-4F94-9090-35AE8DFA252A}.Release|Any CPU.ActiveCfg = Release|Any CPU
		{C7C11FFB-F9E3-4F94-9090-35AE8DFA252A}.Release|Any CPU.Build.0 = Release|Any CPU
		{C7C11FFB-F9E3-4F94-9090-35AE8DFA252A}.Release|x86.ActiveCfg = Release|x86
		{C7C11FFB-F9E3-4F94-9090-35AE8DFA252A}.Release|x86.Build.0 = Release|x86
	EndGlobalSection
	GlobalSection(SolutionProperties) = preSolution
		HideSolutionNode = FALSE
	EndGlobalSection
	GlobalSection(ExtensibilityGlobals) = postSolution
		SolutionGuid = {5133497C-EB4C-4269-886C-E453C3D15A96}
	EndGlobalSection
EndGlobal
